{
  "name": "github-licenses",
  "version": "1.0.0",
  "lockfileVersion": 1,
  "requires": true,
  "dependencies": {
    "@types/node": {
      "version": "14.14.37",
      "resolved": "https://registry.npmjs.org/@types/node/-/node-14.14.37.tgz",
      "integrity": "sha512-XYmBiy+ohOR4Lh5jE379fV2IU+6Jn4g5qASinhitfyO71b/sCo6MKsMLF5tc7Zf2CE8hViVQyYSobJNke8OvUw=="
    },
    "arg": {
      "version": "5.0.0",
      "resolved": "https://registry.npmjs.org/arg/-/arg-5.0.0.tgz",
      "integrity": "sha512-4P8Zm2H+BRS+c/xX1LrHw0qKpEhdlZjLCgWy+d78T9vqa2Z2SiD2wMrYuWIAFy5IZUD7nnNXroRttz+0RzlrzQ=="
    }
  }
}
